
Microsoft Visual Studio Solution File, Format Version 12.00
# Visual Studio Version 16
VisualStudioVersion = 16.0.32002.261
MinimumVisualStudioVersion = 10.0.40219.1
Project("{FAE04EC0-301F-11D3-BF4B-00C04F79EFBC}") = "P224Indexer", "P224Indexer\P224Indexer.csproj", "{4BAB5843-4B7D-4A99-8A0F-43D34D6C7A86}"
EndProject
Global
	GlobalSection(SolutionConfigurationPlatforms) = preSolution
		Debug|Any CPU = Debug|Any CPU
		Release|Any CPU = Release|Any CPU
	EndGlobalSection
	GlobalSection(ProjectConfigurationPlatforms) = postSolution
		{4BAB5843-4B7D-4A99-8A0F-43D34D6C7A86}.Debug|Any CPU.ActiveCfg = Debug|Any CPU
		{4BAB5843-4B7D-4A99-8A0F-43D34D6C7A86}.Debug|Any CPU.Build.0 = Debug|Any CPU
		{4BAB5843-4B7D-4A99-8A0F-43D34D6C7A86}.Release|Any CPU.ActiveCfg = Release|Any CPU
		{4BAB5843-4B7D-4A99-8A0F-43D34D6C7A86}.Release|Any CPU.Build.0 = Release|Any CPU
	EndGlobalSection
	GlobalSection(SolutionProperties) = preSolution
		HideSolutionNode = FALSE
	EndGlobalSection
	GlobalSection(ExtensibilityGlobals) = postSolution
		SolutionGuid = {26D40512-6159-4721-9DDE-DB8445817E89}
	EndGlobalSection
EndGlobal
