
Microsoft Visual Studio Solution File, Format Version 12.00
# Visual Studio Version 16
VisualStudioVersion = 16.0.32002.261
MinimumVisualStudioVersion = 10.0.40219.1
Project("{FAE04EC0-301F-11D3-BF4B-00C04F79EFBC}") = "P224Exception", "P224Exception\P224Exception.csproj", "{E2C37317-410A-4785-AEF0-54A141122EA0}"
EndProject
Global
	GlobalSection(SolutionConfigurationPlatforms) = preSolution
		Debug|Any CPU = Debug|Any CPU
		Release|Any CPU = Release|Any CPU
	EndGlobalSection
	GlobalSection(ProjectConfigurationPlatforms) = postSolution
		{E2C37317-410A-4785-AEF0-54A141122EA0}.Debug|Any CPU.ActiveCfg = Debug|Any CPU
		{E2C37317-410A-4785-AEF0-54A141122EA0}.Debug|Any CPU.Build.0 = Debug|Any CPU
		{E2C37317-410A-4785-AEF0-54A141122EA0}.Release|Any CPU.ActiveCfg = Release|Any CPU
		{E2C37317-410A-4785-AEF0-54A141122EA0}.Release|Any CPU.Build.0 = Release|Any CPU
	EndGlobalSection
	GlobalSection(SolutionProperties) = preSolution
		HideSolutionNode = FALSE
	EndGlobalSection
	GlobalSection(ExtensibilityGlobals) = postSolution
		SolutionGuid = {DBE2FECA-BB43-49DE-B7F6-EE9419AB9C6C}
	EndGlobalSection
EndGlobal
